// !$*UTF8*$!
{
	archiveVersion = 1;
	classes = {
	};
	objectVersion = 50;
	objects = {

/* Begin PBXBuildFile section */
		7761647024A4561E001CCBB4 /* NativeProgressViewApp.swift in Sources */ = {isa = PBXBuildFile; fileRef = 7761646F24A4561E001CCBB4 /* NativeProgressViewApp.swift */; };
		7761647224A4561E001CCBB4 /* ContentView.swift in Sources */ = {isa = PBXBuildFile; fileRef = 7761647124A4561E001CCBB4 /* ContentView.swift */; };
		7761647424A45622001CCBB4 /* Assets.xcassets in Resources */ = {isa = PBXBuildFile; fileRef = 7761647324A45622001CCBB4 /* Assets.xcassets */; };
		7761647724A45622001CCBB4 /* Preview Assets.xcassets in Resources */ = {isa = PBXBuildFile; fileRef = 7761647624A45622001CCBB4 /* Preview Assets.xcassets */; };
		7761648224A45622001CCBB4 /* NativeProgressViewTests.swift in Sources */ = {isa = PBXBuildFile; fileRef = 7761648124A45622001CCBB4 /* NativeProgressViewTests.swift */; };
		7761648D24A45622001CCBB4 /* NativeProgressViewUITests.swift in Sources */ = {isa = PBXBuildFile; fileRef = 7761648C24A45622001CCBB4 /* NativeProgressViewUITests.swift */; };
/* End PBXBuildFile section */

/* Begin PBXContainerItemProxy section */
		7761647E24A45622001CCBB4 /* PBXContainerItemProxy */ = {
			isa = PBXContainerItemProxy;
			containerPortal = 7761646424A4561E001CCBB4 /* Project object */;
			proxyType = 1;
			remoteGlobalIDString = 7761646B24A4561E001CCBB4;
			remoteInfo = NativeProgressView;
		};
		7761648924A45622001CCBB4 /* PBXContainerItemProxy */ = {
			isa = PBXContainerItemProxy;
			containerPortal = 7761646424A4561E001CCBB4 /* Project object */;
			proxyType = 1;
			remoteGlobalIDString = 7761646B24A4561E001CCBB4;
			remoteInfo = NativeProgressView;
		};
/* End PBXContainerItemProxy section */

/* Begin PBXFileReference section */
		7761646C24A4561E001CCBB4 /* NativeProgressView.app */ = {isa = PBXFileReference; explicitFileType = wrapper.application; includeInIndex = 0; path = NativeProgressView.app; sourceTree = BUILT_PRODUCTS_DIR; };
		7761646F24A4561E001CCBB4 /* NativeProgressViewApp.swift */ = {isa = PBXFileReference; lastKnownFileType = sourcecode.swift; path = NativeProgressViewApp.swift; sourceTree = "<group>"; };
		7761647124A4561E001CCBB4 /* ContentView.swift */ = {isa = PBXFileReference; lastKnownFileType = sourcecode.swift; path = ContentView.swift; sourceTree = "<group>"; };
		7761647324A45622001CCBB4 /* Assets.xcassets */ = {isa = PBXFileReference; lastKnownFileType = folder.assetcatalog; path = Assets.xcassets; sourceTree = "<group>"; };
		7761647624A45622001CCBB4 /* Preview Assets.xcassets */ = {isa = PBXFileReference; lastKnownFileType = folder.assetcatalog; path = "Preview Assets.xcassets"; sourceTree = "<group>"; };
		7761647824A45622001CCBB4 /* Info.plist */ = {isa = PBXFileReference; lastKnownFileType = text.plist.xml; path = Info.plist; sourceTree = "<group>"; };
		7761647D24A45622001CCBB4 /* NativeProgressViewTests.xctest */ = {isa = PBXFileReference; explicitFileType = wrapper.cfbundle; includeInIndex = 0; path = NativeProgressViewTests.xctest; sourceTree = BUILT_PRODUCTS_DIR; };
		7761648124A45622001CCBB4 /* NativeProgressViewTests.swift */ = {isa = PBXFileReference; lastKnownFileType = sourcecode.swift; path = NativeProgressViewTests.swift; sourceTree = "<group>"; };
		7761648324A45622001CCBB4 /* Info.plist */ = {isa = PBXFileReference; lastKnownFileType = text.plist.xml; path = Info.plist; sourceTree = "<group>"; };
		7761648824A45622001CCBB4 /* NativeProgressViewUITests.xctest */ = {isa = PBXFileReference; explicitFileType = wrapper.cfbundle; includeInIndex = 0; path = NativeProgressViewUITests.xctest; sourceTree = BUILT_PRODUCTS_DIR; };
		7761648C24A45622001CCBB4 /* NativeProgressViewUITests.swift */ = {isa = PBXFileReference; lastKnownFileType = sourcecode.swift; path = NativeProgressViewUITests.swift; sourceTree = "<group>"; };
		7761648E24A45622001CCBB4 /* Info.plist */ = {isa = PBXFileReference; lastKnownFileType = text.plist.xml; path = Info.plist; sourceTree = "<group>"; };
/* End PBXFileReference section */

/* Begin PBXFrameworksBuildPhase section */
		7761646924A4561E001CCBB4 /* Frameworks */ = {
			isa = PBXFrameworksBuildPhase;
			buildActionMask = 2147483647;
			files = (
			);
			runOnlyForDeploymentPostprocessing = 0;
		};
		7761647A24A45622001CCBB4 /* Frameworks */ = {
			isa = PBXFrameworksBuildPhase;
			buildActionMask = 2147483647;
			files = (
			);
			runOnlyForDeploymentPostprocessing = 0;
		};
		7761648524A45622001CCBB4 /* Frameworks */ = {
			isa = PBXFrameworksBuildPhase;
			buildActionMask = 2147483647;
			files = (
			);
			runOnlyForDeploymentPostprocessing = 0;
		};
/* End PBXFrameworksBuildPhase section */

/* Begin PBXGroup section */
		7761646324A4561E001CCBB4 = {
			isa = PBXGroup;
			children = (
				7761646E24A4561E001CCBB4 /* NativeProgressView */,
				7761648024A45622001CCBB4 /* NativeProgressViewTests */,
				7761648B24A45622001CCBB4 /* NativeProgressViewUITests */,
				7761646D24A4561E001CCBB4 /* Products */,
			);
			sourceTree = "<group>";
		};
		7761646D24A4561E001CCBB4 /* Products */ = {
			isa = PBXGroup;
			children = (
				7761646C24A4561E001CCBB4 /* NativeProgressView.app */,
				7761647D24A45622001CCBB4 /* NativeProgressViewTests.xctest */,
				7761648824A45622001CCBB4 /* NativeProgressViewUITests.xctest */,
			);
			name = Products;
			sourceTree = "<group>";
		};
		7761646E24A4561E001CCBB4 /* NativeProgressView */ = {
			isa = PBXGroup;
			children = (
				7761646F24A4561E001CCBB4 /* NativeProgressViewApp.swift */,
				7761647124A4561E001CCBB4 /* ContentView.swift */,
				7761647324A45622001CCBB4 /* Assets.xcassets */,
				7761647824A45622001CCBB4 /* Info.plist */,
				7761647524A45622001CCBB4 /* Preview Content */,
			);
			path = NativeProgressView;
			sourceTree = "<group>";
		};
		7761647524A45622001CCBB4 /* Preview Content */ = {
			isa = PBXGroup;
			children = (
				7761647624A45622001CCBB4 /* Preview Assets.xcassets */,
			);
			path = "Preview Content";
			sourceTree = "<group>";
		};
		7761648024A45622001CCBB4 /* NativeProgressViewTests */ = {
			isa = PBXGroup;
			children = (
				7761648124A45622001CCBB4 /* NativeProgressViewTests.swift */,
				7761648324A45622001CCBB4 /* Info.plist */,
			);
			path = NativeProgressViewTests;
			sourceTree = "<group>";
		};
		7761648B24A45622001CCBB4 /* NativeProgressViewUITests */ = {
			isa = PBXGroup;
			children = (
				7761648C24A45622001CCBB4 /* NativeProgressViewUITests.swift */,
				7761648E24A45622001CCBB4 /* Info.plist */,
			);
			path = NativeProgressViewUITests;
			sourceTree = "<group>";
		};
/* End PBXGroup section */

/* Begin PBXNativeTarget section */
		7761646B24A4561E001CCBB4 /* NativeProgressView */ = {
			isa = PBXNativeTarget;
			buildConfigurationList = 7761649124A45622001CCBB4 /* Build configuration list for PBXNativeTarget "NativeProgressView" */;
			buildPhases = (
				7761646824A4561E001CCBB4 /* Sources */,
				7761646924A4561E001CCBB4 /* Frameworks */,
				7761646A24A4561E001CCBB4 /* Resources */,
			);
			buildRules = (
			);
			dependencies = (
			);
			name = NativeProgressView;
			productName = NativeProgressView;
			productReference = 7761646C24A4561E001CCBB4 /* NativeProgressView.app */;
			productType = "com.apple.product-type.application";
		};
		7761647C24A45622001CCBB4 /* NativeProgressViewTests */ = {
			isa = PBXNativeTarget;
			buildConfigurationList = 7761649424A45622001CCBB4 /* Build configuration list for PBXNativeTarget "NativeProgressViewTests" */;
			buildPhases = (
				7761647924A45622001CCBB4 /* Sources */,
				7761647A24A45622001CCBB4 /* Frameworks */,
				7761647B24A45622001CCBB4 /* Resources */,
			);
			buildRules = (
			);
			dependencies = (
				7761647F24A45622001CCBB4 /* PBXTargetDependency */,
			);
			name = NativeProgressViewTests;
			productName = NativeProgressViewTests;
			productReference = 7761647D24A45622001CCBB4 /* NativeProgressViewTests.xctest */;
			productType = "com.apple.product-type.bundle.unit-test";
		};
		7761648724A45622001CCBB4 /* NativeProgressViewUITests */ = {
			isa = PBXNativeTarget;
			buildConfigurationList = 7761649724A45622001CCBB4 /* Build configuration list for PBXNativeTarget "NativeProgressViewUITests" */;
			buildPhases = (
				7761648424A45622001CCBB4 /* Sources */,
				7761648524A45622001CCBB4 /* Frameworks */,
				7761648624A45622001CCBB4 /* Resources */,
			);
			buildRules = (
			);
			dependencies = (
				7761648A24A45622001CCBB4 /* PBXTargetDependency */,
			);
			name = NativeProgressViewUITests;
			productName = NativeProgressViewUITests;
			productReference = 7761648824A45622001CCBB4 /* NativeProgressViewUITests.xctest */;
			productType = "com.apple.product-type.bundle.ui-testing";
		};
/* End PBXNativeTarget section */

/* Begin PBXProject section */
		7761646424A4561E001CCBB4 /* Project object */ = {
			isa = PBXProject;
			attributes = {
				LastSwiftUpdateCheck = 1200;
				LastUpgradeCheck = 1200;
				TargetAttributes = {
					7761646B24A4561E001CCBB4 = {
						CreatedOnToolsVersion = 12.0;
					};
					7761647C24A45622001CCBB4 = {
						CreatedOnToolsVersion = 12.0;
						TestTargetID = 7761646B24A4561E001CCBB4;
					};
					7761648724A45622001CCBB4 = {
						CreatedOnToolsVersion = 12.0;
						TestTargetID = 7761646B24A4561E001CCBB4;
					};
				};
			};
			buildConfigurationList = 7761646724A4561E001CCBB4 /* Build configuration list for PBXProject "NativeProgressView" */;
			compatibilityVersion = "Xcode 9.3";
			developmentRegion = en;
			hasScannedForEncodings = 0;
			knownRegions = (
				en,
				Base,
			);
			mainGroup = 7761646324A4561E001CCBB4;
			productRefGroup = 7761646D24A4561E001CCBB4 /* Products */;
			projectDirPath = "";
			projectRoot = "";
			targets = (
				7761646B24A4561E001CCBB4 /* NativeProgressView */,
				7761647C24A45622001CCBB4 /* NativeProgressViewTests */,
				7761648724A45622001CCBB4 /* NativeProgressViewUITests */,
			);
		};
/* End PBXProject section */

/* Begin PBXResourcesBuildPhase section */
		7761646A24A4561E001CCBB4 /* Resources */ = {
			isa = PBXResourcesBuildPhase;
			buildActionMask = 2147483647;
			files = (
				7761647724A45622001CCBB4 /* Preview Assets.xcassets in Resources */,
				7761647424A45622001CCBB4 /* Assets.xcassets in Resources */,
			);
			runOnlyForDeploymentPostprocessing = 0;
		};
		7761647B24A45622001CCBB4 /* Resources */ = {
			isa = PBXResourcesBuildPhase;
			buildActionMask = 2147483647;
			files = (
			);
			runOnlyForDeploymentPostprocessing = 0;
		};
		7761648624A45622001CCBB4 /* Resources */ = {
			isa = PBXResourcesBuildPhase;
			buildActionMask = 2147483647;
			files = (
			);
			runOnlyForDeploymentPostprocessing = 0;
		};
/* End PBXResourcesBuildPhase section */

/* Begin PBXSourcesBuildPhase section */
		7761646824A4561E001CCBB4 /* Sources */ = {
			isa = PBXSourcesBuildPhase;
			buildActionMask = 2147483647;
			files = (
				7761647224A4561E001CCBB4 /* ContentView.swift in Sources */,
				7761647024A4561E001CCBB4 /* NativeProgressViewApp.swift in Sources */,
			);
			runOnlyForDeploymentPostprocessing = 0;
		};
		7761647924A45622001CCBB4 /* Sources */ = {
			isa = PBXSourcesBuildPhase;
			buildActionMask = 2147483647;
			files = (
				7761648224A45622001CCBB4 /* NativeProgressViewTests.swift in Sources */,
			);
			runOnlyForDeploymentPostprocessing = 0;
		};
		7761648424A45622001CCBB4 /* Sources */ = {
			isa = PBXSourcesBuildPhase;
			buildActionMask = 2147483647;
			files = (
				7761648D24A45622001CCBB4 /* NativeProgressViewUITests.swift in Sources */,
			);
			runOnlyForDeploymentPostprocessing = 0;
		};
/* End PBXSourcesBuildPhase section */

/* Begin PBXTargetDependency section */
		7761647F24A45622001CCBB4 /* PBXTargetDependency */ = {
			isa = PBXTargetDependency;
			target = 7761646B24A4561E001CCBB4 /* NativeProgressView */;
			targetProxy = 7761647E24A45622001CCBB4 /* PBXContainerItemProxy */;
		};
		7761648A24A45622001CCBB4 /* PBXTargetDependency */ = {
			isa = PBXTargetDependency;
			target = 7761646B24A4561E001CCBB4 /* NativeProgressView */;
			targetProxy = 7761648924A45622001CCBB4 /* PBXContainerItemProxy */;
		};
/* End PBXTargetDependency section */

/* Begin XCBuildConfiguration section */
		7761648F24A45622001CCBB4 /* Debug */ = {
			isa = XCBuildConfiguration;
			buildSettings = {
				ALWAYS_SEARCH_USER_PATHS = NO;
				CLANG_ANALYZER_NONNULL = YES;
				CLANG_ANALYZER_NUMBER_OBJECT_CONVERSION = YES_AGGRESSIVE;
				CLANG_CXX_LANGUAGE_STANDARD = "gnu++14";
				CLANG_CXX_LIBRARY = "libc++";
				CLANG_ENABLE_MODULES = YES;
				CLANG_ENABLE_OBJC_ARC = YES;
				CLANG_ENABLE_OBJC_WEAK = YES;
				CLANG_WARN_BLOCK_CAPTURE_AUTORELEASING = YES;
				CLANG_WARN_BOOL_CONVERSION = YES;
				CLANG_WARN_COMMA = YES;
				CLANG_WARN_CONSTANT_CONVERSION = YES;
				CLANG_WARN_DEPRECATED_OBJC_IMPLEMENTATIONS = YES;
				CLANG_WARN_DIRECT_OBJC_ISA_USAGE = YES_ERROR;
				CLANG_WARN_DOCUMENTATION_COMMENTS = YES;
				CLANG_WARN_EMPTY_BODY = YES;
				CLANG_WARN_ENUM_CONVERSION = YES;
				CLANG_WARN_INFINITE_RECURSION = YES;
				CLANG_WARN_INT_CONVERSION = YES;
				CLANG_WARN_NON_LITERAL_NULL_CONVERSION = YES;
				CLANG_WARN_OBJC_IMPLICIT_RETAIN_SELF = YES;
				CLANG_WARN_OBJC_LITERAL_CONVERSION = YES;
				CLANG_WARN_OBJC_ROOT_CLASS = YES_ERROR;
				CLANG_WARN_QUOTED_INCLUDE_IN_FRAMEWORK_HEADER = YES;
				CLANG_WARN_RANGE_LOOP_ANALYSIS = YES;
				CLANG_WARN_STRICT_PROTOTYPES = YES;
				CLANG_WARN_SUSPICIOUS_MOVE = YES;
				CLANG_WARN_UNGUARDED_AVAILABILITY = YES_AGGRESSIVE;
				CLANG_WARN_UNREACHABLE_CODE = YES;
				CLANG_WARN__DUPLICATE_METHOD_MATCH = YES;
				COPY_PHASE_STRIP = NO;
				DEBUG_INFORMATION_FORMAT = dwarf;
				ENABLE_STRICT_OBJC_MSGSEND = YES;
				ENABLE_TESTABILITY = YES;
				GCC_C_LANGUAGE_STANDARD = gnu11;
				GCC_DYNAMIC_NO_PIC = NO;
				GCC_NO_COMMON_BLOCKS = YES;
				GCC_OPTIMIZATION_LEVEL = 0;
				GCC_PREPROCESSOR_DEFINITIONS = (
					"DEBUG=1",
					"$(inherited)",
				);
				GCC_WARN_64_TO_32_BIT_CONVERSION = YES;
				GCC_WARN_ABOUT_RETURN_TYPE = YES_ERROR;
				GCC_WARN_UNDECLARED_SELECTOR = YES;
				GCC_WARN_UNINITIALIZED_AUTOS = YES_AGGRESSIVE;
				GCC_WARN_UNUSED_FUNCTION = YES;
				GCC_WARN_UNUSED_VARIABLE = YES;
				IPHONEOS_DEPLOYMENT_TARGET = 14.0;
				MTL_ENABLE_DEBUG_INFO = INCLUDE_SOURCE;
				MTL_FAST_MATH = YES;
				ONLY_ACTIVE_ARCH = YES;
				SDKROOT = iphoneos;
				SWIFT_ACTIVE_COMPILATION_CONDITIONS = DEBUG;
				SWIFT_OPTIMIZATION_LEVEL = "-Onone";
			};
			name = Debug;
		};
		7761649024A45622001CCBB4 /* Release */ = {
			isa = XCBuildConfiguration;
			buildSettings = {
				ALWAYS_SEARCH_USER_PATHS = NO;
				CLANG_ANALYZER_NONNULL = YES;
				CLANG_ANALYZER_NUMBER_OBJECT_CONVERSION = YES_AGGRESSIVE;
				CLANG_CXX_LANGUAGE_STANDARD = "gnu++14";
				CLANG_CXX_LIBRARY = "libc++";
				CLANG_ENABLE_MODULES = YES;
				CLANG_ENABLE_OBJC_ARC = YES;
				CLANG_ENABLE_OBJC_WEAK = YES;
				CLANG_WARN_BLOCK_CAPTURE_AUTORELEASING = YES;
				CLANG_WARN_BOOL_CONVERSION = YES;
				CLANG_WARN_COMMA = YES;
				CLANG_WARN_CONSTANT_CONVERSION = YES;
				CLANG_WARN_DEPRECATED_OBJC_IMPLEMENTATIONS = YES;
				CLANG_WARN_DIRECT_OBJC_ISA_USAGE = YES_ERROR;
				CLANG_WARN_DOCUMENTATION_COMMENTS = YES;
				CLANG_WARN_EMPTY_BODY = YES;
				CLANG_WARN_ENUM_CONVERSION = YES;
				CLANG_WARN_INFINITE_RECURSION = YES;
				CLANG_WARN_INT_CONVERSION = YES;
				CLANG_WARN_NON_LITERAL_NULL_CONVERSION = YES;
				CLANG_WARN_OBJC_IMPLICIT_RETAIN_SELF = YES;
				CLANG_WARN_OBJC_LITERAL_CONVERSION = YES;
				CLANG_WARN_OBJC_ROOT_CLASS = YES_ERROR;
				CLANG_WARN_QUOTED_INCLUDE_IN_FRAMEWORK_HEADER = YES;
				CLANG_WARN_RANGE_LOOP_ANALYSIS = YES;
				CLANG_WARN_STRICT_PROTOTYPES = YES;
				CLANG_WARN_SUSPICIOUS_MOVE = YES;
				CLANG_WARN_UNGUARDED_AVAILABILITY = YES_AGGRESSIVE;
				CLANG_WARN_UNREACHABLE_CODE = YES;
				CLANG_WARN__DUPLICATE_METHOD_MATCH = YES;
				COPY_PHASE_STRIP = NO;
				DEBUG_INFORMATION_FORMAT = "dwarf-with-dsym";
				ENABLE_NS_ASSERTIONS = NO;
				ENABLE_STRICT_OBJC_MSGSEND = YES;
				GCC_C_LANGUAGE_STANDARD = gnu11;
				GCC_NO_COMMON_BLOCKS = YES;
				GCC_WARN_64_TO_32_BIT_CONVERSION = YES;
				GCC_WARN_ABOUT_RETURN_TYPE = YES_ERROR;
				GCC_WARN_UNDECLARED_SELECTOR = YES;
				GCC_WARN_UNINITIALIZED_AUTOS = YES_AGGRESSIVE;
				GCC_WARN_UNUSED_FUNCTION = YES;
				GCC_WARN_UNUSED_VARIABLE = YES;
				IPHONEOS_DEPLOYMENT_TARGET = 14.0;
				MTL_ENABLE_DEBUG_INFO = NO;
				MTL_FAST_MATH = YES;
				SDKROOT = iphoneos;
				SWIFT_COMPILATION_MODE = wholemodule;
				SWIFT_OPTIMIZATION_LEVEL = "-O";
				VALIDATE_PRODUCT = YES;
			};
			name = Release;
		};
		7761649224A45622001CCBB4 /* Debug */ = {
			isa = XCBuildConfiguration;
			buildSettings = {
				ASSETCATALOG_COMPILER_APPICON_NAME = AppIcon;
				ASSETCATALOG_COMPILER_GLOBAL_ACCENT_COLOR_NAME = AccentColor;
				CODE_SIGN_STYLE = Automatic;
				DEVELOPMENT_ASSET_PATHS = "\"NativeProgressView/Preview Content\"";
				DEVELOPMENT_TEAM = 3RHR7K3FP7;
				ENABLE_PREVIEWS = YES;
				INFOPLIST_FILE = NativeProgressView/Info.plist;
				IPHONEOS_DEPLOYMENT_TARGET = 14.0;
				LD_RUNPATH_SEARCH_PATHS = (
					"$(inherited)",
					"@executable_path/Frameworks",
				);
				PRODUCT_BUNDLE_IDENTIFIER = "com.mallow-tech.NativeProgressView";
				PRODUCT_NAME = "$(TARGET_NAME)";
				SWIFT_VERSION = 5.0;
				TARGETED_DEVICE_FAMILY = "1,2";
			};
			name = Debug;
		};
		7761649324A45622001CCBB4 /* Release */ = {
			isa = XCBuildConfiguration;
			buildSettings = {
				ASSETCATALOG_COMPILER_APPICON_NAME = AppIcon;
				ASSETCATALOG_COMPILER_GLOBAL_ACCENT_COLOR_NAME = AccentColor;
				CODE_SIGN_STYLE = Automatic;
				DEVELOPMENT_ASSET_PATHS = "\"NativeProgressView/Preview Content\"";
				DEVELOPMENT_TEAM = 3RHR7K3FP7;
				ENABLE_PREVIEWS = YES;
				INFOPLIST_FILE = NativeProgressView/Info.plist;
				IPHONEOS_DEPLOYMENT_TARGET = 14.0;
				LD_RUNPATH_SEARCH_PATHS = (
					"$(inherited)",
					"@executable_path/Frameworks",
				);
				PRODUCT_BUNDLE_IDENTIFIER = "com.mallow-tech.NativeProgressView";
				PRODUCT_NAME = "$(TARGET_NAME)";
				SWIFT_VERSION = 5.0;
				TARGETED_DEVICE_FAMILY = "1,2";
			};
			name = Release;
		};
		7761649524A45622001CCBB4 /* Debug */ = {
			isa = XCBuildConfiguration;
			buildSettings = {
				ALWAYS_EMBED_SWIFT_STANDARD_LIBRARIES = YES;
				BUNDLE_LOADER = "$(TEST_HOST)";
				CODE_SIGN_STYLE = Automatic;
				DEVELOPMENT_TEAM = 3RHR7K3FP7;
				INFOPLIST_FILE = NativeProgressViewTests/Info.plist;
				IPHONEOS_DEPLOYMENT_TARGET = 14.0;
				LD_RUNPATH_SEARCH_PATHS = (
					"$(inherited)",
					"@executable_path/Frameworks",
					"@loader_path/Frameworks",
				);
				PRODUCT_BUNDLE_IDENTIFIER = "com.mallow-tech.NativeProgressViewTests";
				PRODUCT_NAME = "$(TARGET_NAME)";
				SWIFT_VERSION = 5.0;
				TARGETED_DEVICE_FAMILY = "1,2";
				TEST_HOST = "$(BUILT_PRODUCTS_DIR)/NativeProgressView.app/NativeProgressView";
			};
			name = Debug;
		};
		7761649624A45622001CCBB4 /* Release */ = {
			isa = XCBuildConfiguration;
			buildSettings = {
				ALWAYS_EMBED_SWIFT_STANDARD_LIBRARIES = YES;
				BUNDLE_LOADER = "$(TEST_HOST)";
				CODE_SIGN_STYLE = Automatic;
				DEVELOPMENT_TEAM = 3RHR7K3FP7;
				INFOPLIST_FILE = NativeProgressViewTests/Info.plist;
				IPHONEOS_DEPLOYMENT_TARGET = 14.0;
				LD_RUNPATH_SEARCH_PATHS = (
					"$(inherited)",
					"@executable_path/Frameworks",
					"@loader_path/Frameworks",
				);
				PRODUCT_BUNDLE_IDENTIFIER = "com.mallow-tech.NativeProgressViewTests";
				PRODUCT_NAME = "$(TARGET_NAME)";
				SWIFT_VERSION = 5.0;
				TARGETED_DEVICE_FAMILY = "1,2";
				TEST_HOST = "$(BUILT_PRODUCTS_DIR)/NativeProgressView.app/NativeProgressView";
			};
			name = Release;
		};
		7761649824A45622001CCBB4 /* Debug */ = {
			isa = XCBuildConfiguration;
			buildSettings = {
				ALWAYS_EMBED_SWIFT_STANDARD_LIBRARIES = YES;
				CODE_SIGN_STYLE = Automatic;
				DEVELOPMENT_TEAM = 3RHR7K3FP7;
				INFOPLIST_FILE = NativeProgressViewUITests/Info.plist;
				LD_RUNPATH_SEARCH_PATHS = (
					"$(inherited)",
					"@executable_path/Frameworks",
					"@loader_path/Frameworks",
				);
				PRODUCT_BUNDLE_IDENTIFIER = "com.mallow-tech.NativeProgressViewUITests";
				PRODUCT_NAME = "$(TARGET_NAME)";
				SWIFT_VERSION = 5.0;
				TARGETED_DEVICE_FAMILY = "1,2";
				TEST_TARGET_NAME = NativeProgressView;
			};
			name = Debug;
		};
		7761649924A45622001CCBB4 /* Release */ = {
			isa = XCBuildConfiguration;
			buildSettings = {
				ALWAYS_EMBED_SWIFT_STANDARD_LIBRARIES = YES;
				CODE_SIGN_STYLE = Automatic;
				DEVELOPMENT_TEAM = 3RHR7K3FP7;
				INFOPLIST_FILE = NativeProgressViewUITests/Info.plist;
				LD_RUNPATH_SEARCH_PATHS = (
					"$(inherited)",
					"@executable_path/Frameworks",
					"@loader_path/Frameworks",
				);
				PRODUCT_BUNDLE_IDENTIFIER = "com.mallow-tech.NativeProgressViewUITests";
				PRODUCT_NAME = "$(TARGET_NAME)";
				SWIFT_VERSION = 5.0;
				TARGETED_DEVICE_FAMILY = "1,2";
				TEST_TARGET_NAME = NativeProgressView;
			};
			name = Release;
		};
/* End XCBuildConfiguration section */

/* Begin XCConfigurationList section */
		7761646724A4561E001CCBB4 /* Build configuration list for PBXProject "NativeProgressView" */ = {
			isa = XCConfigurationList;
			buildConfigurations = (
				7761648F24A45622001CCBB4 /* Debug */,
				7761649024A45622001CCBB4 /* Release */,
			);
			defaultConfigurationIsVisible = 0;
			defaultConfigurationName = Release;
		};
		7761649124A45622001CCBB4 /* Build configuration list for PBXNativeTarget "NativeProgressView" */ = {
			isa = XCConfigurationList;
			buildConfigurations = (
				7761649224A45622001CCBB4 /* Debug */,
				7761649324A45622001CCBB4 /* Release */,
			);
			defaultConfigurationIsVisible = 0;
			defaultConfigurationName = Release;
		};
		7761649424A45622001CCBB4 /* Build configuration list for PBXNativeTarget "NativeProgressViewTests" */ = {
			isa = XCConfigurationList;
			buildConfigurations = (
				7761649524A45622001CCBB4 /* Debug */,
				7761649624A45622001CCBB4 /* Release */,
			);
			defaultConfigurationIsVisible = 0;
			defaultConfigurationName = Release;
		};
		7761649724A45622001CCBB4 /* Build configuration list for PBXNativeTarget "NativeProgressViewUITests" */ = {
			isa = XCConfigurationList;
			buildConfigurations = (
				7761649824A45622001CCBB4 /* Debug */,
				7761649924A45622001CCBB4 /* Release */,
			);
			defaultConfigurationIsVisible = 0;
			defaultConfigurationName = Release;
		};
/* End XCConfigurationList section */
	};
	rootObject = 7761646424A4561E001CCBB4 /* Project object */;
}
